
Microsoft Visual Studio Solution File, Format Version 12.00
# Visual Studio 15
Project("{FAE04EC0-301F-11D3-BF4B-00C04F79EFBC}") = "Assembly-CSharp", "Assembly-CSharp.csproj", "{85888B7A-3FE4-56B8-B7B4-4AF8E056FF37}"
EndProject
Project("{FAE04EC0-301F-11D3-BF4B-00C04F79EFBC}") = "Assembly-CSharp-Editor", "Assembly-CSharp-Editor.csproj", "{13C7015B-3DF6-EF79-92F9-9CFC1AB713A5}"
EndProject
Project("{FAE04EC0-301F-11D3-BF4B-00C04F79EFBC}") = "URPWizard", "URPWizard.csproj", "{A1F9EB98-AE0E-C07F-F0CA-C136A7424169}"
EndProject
Global
	GlobalSection(SolutionConfigurationPlatforms) = preSolution
		Debug|Any CPU = Debug|Any CPU
		Release|Any CPU = Release|Any CPU
	EndGlobalSection
	GlobalSection(ProjectConfigurationPlatforms) = postSolution
		{85888B7A-3FE4-56B8-B7B4-4AF8E056FF37}.Debug|Any CPU.ActiveCfg = Debug|Any CPU
		{85888B7A-3FE4-56B8-B7B4-4AF8E056FF37}.Debug|Any CPU.Build.0 = Debug|Any CPU
		{85888B7A-3FE4-56B8-B7B4-4AF8E056FF37}.Release|Any CPU.ActiveCfg = Release|Any CPU
		{85888B7A-3FE4-56B8-B7B4-4AF8E056FF37}.Release|Any CPU.Build.0 = Release|Any CPU
		{13C7015B-3DF6-EF79-92F9-9CFC1AB713A5}.Debug|Any CPU.ActiveCfg = Debug|Any CPU
		{13C7015B-3DF6-EF79-92F9-9CFC1AB713A5}.Debug|Any CPU.Build.0 = Debug|Any CPU
		{13C7015B-3DF6-EF79-92F9-9CFC1AB713A5}.Release|Any CPU.ActiveCfg = Release|Any CPU
		{13C7015B-3DF6-EF79-92F9-9CFC1AB713A5}.Release|Any CPU.Build.0 = Release|Any CPU
		{A1F9EB98-AE0E-C07F-F0CA-C136A7424169}.Debug|Any CPU.ActiveCfg = Debug|Any CPU
		{A1F9EB98-AE0E-C07F-F0CA-C136A7424169}.Debug|Any CPU.Build.0 = Debug|Any CPU
		{A1F9EB98-AE0E-C07F-F0CA-C136A7424169}.Release|Any CPU.ActiveCfg = Release|Any CPU
		{A1F9EB98-AE0E-C07F-F0CA-C136A7424169}.Release|Any CPU.Build.0 = Release|Any CPU
	EndGlobalSection
	GlobalSection(SolutionProperties) = preSolution
		HideSolutionNode = FALSE
	EndGlobalSection
EndGlobal
